
Microsoft Visual Studio Solution File, Format Version 12.00
# Visual Studio Version 17
VisualStudioVersion = 17.11.35327.3
MinimumVisualStudioVersion = 10.0.40219.1
Project("{FAE04EC0-301F-11D3-BF4B-00C04F79EFBC}") = "FormBuilder.Api", "FormBuilder.Api\FormBuilder.Api.csproj", "{4C1CCC4D-C5AA-48FC-8FC9-E2FE009C7FD5}"
EndProject
Global
	GlobalSection(SolutionConfigurationPlatforms) = preSolution
		Debug|Any CPU = Debug|Any CPU
		Release|Any CPU = Release|Any CPU
	EndGlobalSection
	GlobalSection(ProjectConfigurationPlatforms) = postSolution
		{4C1CCC4D-C5AA-48FC-8FC9-E2FE009C7FD5}.Debug|Any CPU.ActiveCfg = Debug|Any CPU
		{4C1CCC4D-C5AA-48FC-8FC9-E2FE009C7FD5}.Debug|Any CPU.Build.0 = Debug|Any CPU
		{4C1CCC4D-C5AA-48FC-8FC9-E2FE009C7FD5}.Release|Any CPU.ActiveCfg = Release|Any CPU
		{4C1CCC4D-C5AA-48FC-8FC9-E2FE009C7FD5}.Release|Any CPU.Build.0 = Release|Any CPU
	EndGlobalSection
	GlobalSection(SolutionProperties) = preSolution
		HideSolutionNode = FALSE
	EndGlobalSection
	GlobalSection(ExtensibilityGlobals) = postSolution
		SolutionGuid = {7CE5A533-6D28-4DF3-9FD1-90A8CEB32D58}
	EndGlobalSection
EndGlobal
